
Microsoft Visual Studio Solution File, Format Version 12.00
# Visual Studio Version 16
VisualStudioVersion = 16.0.30524.135
MinimumVisualStudioVersion = 10.0.40219.1
Project("{FAE04EC0-301F-11D3-BF4B-00C04F79EFBC}") = "CosmosDBSyncFunction", "CosmosDBSyncFunction\CosmosDBSyncFunction.csproj", "{7C8619DC-75B2-42B3-887C-5C4B83A0F6F1}"
EndProject
Global
	GlobalSection(SolutionConfigurationPlatforms) = preSolution
		Debug|Any CPU = Debug|Any CPU
		Release|Any CPU = Release|Any CPU
	EndGlobalSection
	GlobalSection(ProjectConfigurationPlatforms) = postSolution
		{7C8619DC-75B2-42B3-887C-5C4B83A0F6F1}.Debug|Any CPU.ActiveCfg = Debug|Any CPU
		{7C8619DC-75B2-42B3-887C-5C4B83A0F6F1}.Debug|Any CPU.Build.0 = Debug|Any CPU
		{7C8619DC-75B2-42B3-887C-5C4B83A0F6F1}.Release|Any CPU.ActiveCfg = Release|Any CPU
		{7C8619DC-75B2-42B3-887C-5C4B83A0F6F1}.Release|Any CPU.Build.0 = Release|Any CPU
	EndGlobalSection
	GlobalSection(SolutionProperties) = preSolution
		HideSolutionNode = FALSE
	EndGlobalSection
	GlobalSection(ExtensibilityGlobals) = postSolution
		SolutionGuid = {94E13AB0-0250-48A5-B993-C6191896F53A}
	EndGlobalSection
EndGlobal
